
Microsoft Visual Studio Solution File, Format Version 12.00
# Visual Studio Version 16
VisualStudioVersion = 16.0.30011.22
MinimumVisualStudioVersion = 10.0.40219.1
Project("{FAE04EC0-301F-11D3-BF4B-00C04F79EFBC}") = "Buoi14-DatabaseFirst", "Buoi14-DatabaseFirst.csproj", "{03906833-087F-48A6-A945-6378688E1826}"
EndProject
Global
	GlobalSection(SolutionConfigurationPlatforms) = preSolution
		Debug|Any CPU = Debug|Any CPU
		Release|Any CPU = Release|Any CPU
	EndGlobalSection
	GlobalSection(ProjectConfigurationPlatforms) = postSolution
		{03906833-087F-48A6-A945-6378688E1826}.Debug|Any CPU.ActiveCfg = Debug|Any CPU
		{03906833-087F-48A6-A945-6378688E1826}.Debug|Any CPU.Build.0 = Debug|Any CPU
		{03906833-087F-48A6-A945-6378688E1826}.Release|Any CPU.ActiveCfg = Release|Any CPU
		{03906833-087F-48A6-A945-6378688E1826}.Release|Any CPU.Build.0 = Release|Any CPU
	EndGlobalSection
	GlobalSection(SolutionProperties) = preSolution
		HideSolutionNode = FALSE
	EndGlobalSection
	GlobalSection(ExtensibilityGlobals) = postSolution
		SolutionGuid = {2320D968-F1C1-4C20-84BE-D2093437EC55}
	EndGlobalSection
EndGlobal
