
Microsoft Visual Studio Solution File, Format Version 12.00
# Visual Studio Version 16
VisualStudioVersion = 16.0.30011.22
MinimumVisualStudioVersion = 10.0.40219.1
Project("{FAE04EC0-301F-11D3-BF4B-00C04F79EFBC}") = "Buoi06", "Buoi06.csproj", "{34E36F28-FEB3-4E41-97CF-6B8B1C843F6D}"
EndProject
Global
	GlobalSection(SolutionConfigurationPlatforms) = preSolution
		Debug|Any CPU = Debug|Any CPU
		Release|Any CPU = Release|Any CPU
	EndGlobalSection
	GlobalSection(ProjectConfigurationPlatforms) = postSolution
		{34E36F28-FEB3-4E41-97CF-6B8B1C843F6D}.Debug|Any CPU.ActiveCfg = Debug|Any CPU
		{34E36F28-FEB3-4E41-97CF-6B8B1C843F6D}.Debug|Any CPU.Build.0 = Debug|Any CPU
		{34E36F28-FEB3-4E41-97CF-6B8B1C843F6D}.Release|Any CPU.ActiveCfg = Release|Any CPU
		{34E36F28-FEB3-4E41-97CF-6B8B1C843F6D}.Release|Any CPU.Build.0 = Release|Any CPU
	EndGlobalSection
	GlobalSection(SolutionProperties) = preSolution
		HideSolutionNode = FALSE
	EndGlobalSection
	GlobalSection(ExtensibilityGlobals) = postSolution
		SolutionGuid = {A5AD656C-C01A-4DFC-B0C0-4CDA8C6A7D95}
	EndGlobalSection
EndGlobal
