
Microsoft Visual Studio Solution File, Format Version 12.00
# Visual Studio Version 16
VisualStudioVersion = 16.0.30011.22
MinimumVisualStudioVersion = 10.0.40219.1
Project("{FAE04EC0-301F-11D3-BF4B-00C04F79EFBC}") = "buoi15", "buoi15.csproj", "{AAEC994D-C22E-4DFA-9D3E-9C4CFA18C004}"
EndProject
Global
	GlobalSection(SolutionConfigurationPlatforms) = preSolution
		Debug|Any CPU = Debug|Any CPU
		Release|Any CPU = Release|Any CPU
	EndGlobalSection
	GlobalSection(ProjectConfigurationPlatforms) = postSolution
		{AAEC994D-C22E-4DFA-9D3E-9C4CFA18C004}.Debug|Any CPU.ActiveCfg = Debug|Any CPU
		{AAEC994D-C22E-4DFA-9D3E-9C4CFA18C004}.Debug|Any CPU.Build.0 = Debug|Any CPU
		{AAEC994D-C22E-4DFA-9D3E-9C4CFA18C004}.Release|Any CPU.ActiveCfg = Release|Any CPU
		{AAEC994D-C22E-4DFA-9D3E-9C4CFA18C004}.Release|Any CPU.Build.0 = Release|Any CPU
	EndGlobalSection
	GlobalSection(SolutionProperties) = preSolution
		HideSolutionNode = FALSE
	EndGlobalSection
	GlobalSection(ExtensibilityGlobals) = postSolution
		SolutionGuid = {48D77220-18FA-4336-AC81-F98654985BBA}
	EndGlobalSection
EndGlobal
